
Microsoft Visual Studio Solution File, Format Version 12.00
# Visual Studio 15
VisualStudioVersion = 15.0.27130.2036
MinimumVisualStudioVersion = 10.0.40219.1
Project("{FAE04EC0-301F-11D3-BF4B-00C04F79EFBC}") = "MVC_ClientWebAPI", "MVC_ClientWebAPI\MVC_ClientWebAPI.csproj", "{446B3916-A33D-4EA2-88F7-262BCEF48D4E}"
EndProject
Global
	GlobalSection(SolutionConfigurationPlatforms) = preSolution
		Debug|Any CPU = Debug|Any CPU
		Release|Any CPU = Release|Any CPU
	EndGlobalSection
	GlobalSection(ProjectConfigurationPlatforms) = postSolution
		{446B3916-A33D-4EA2-88F7-262BCEF48D4E}.Debug|Any CPU.ActiveCfg = Debug|Any CPU
		{446B3916-A33D-4EA2-88F7-262BCEF48D4E}.Debug|Any CPU.Build.0 = Debug|Any CPU
		{446B3916-A33D-4EA2-88F7-262BCEF48D4E}.Release|Any CPU.ActiveCfg = Release|Any CPU
		{446B3916-A33D-4EA2-88F7-262BCEF48D4E}.Release|Any CPU.Build.0 = Release|Any CPU
	EndGlobalSection
	GlobalSection(SolutionProperties) = preSolution
		HideSolutionNode = FALSE
	EndGlobalSection
	GlobalSection(ExtensibilityGlobals) = postSolution
		SolutionGuid = {DEAE74ED-BFD3-494D-B84F-A52B95387CF8}
	EndGlobalSection
EndGlobal
