
Microsoft Visual Studio Solution File, Format Version 12.00
# Visual Studio 15
VisualStudioVersion = 15.0.27130.2036
MinimumVisualStudioVersion = 10.0.40219.1
Project("{FAE04EC0-301F-11D3-BF4B-00C04F79EFBC}") = "MVC_Login_System", "MVC_Login_System\MVC_Login_System.csproj", "{A39F2106-EE55-4421-B156-5552CBED611C}"
EndProject
Global
	GlobalSection(SolutionConfigurationPlatforms) = preSolution
		Debug|Any CPU = Debug|Any CPU
		Release|Any CPU = Release|Any CPU
	EndGlobalSection
	GlobalSection(ProjectConfigurationPlatforms) = postSolution
		{A39F2106-EE55-4421-B156-5552CBED611C}.Debug|Any CPU.ActiveCfg = Debug|Any CPU
		{A39F2106-EE55-4421-B156-5552CBED611C}.Debug|Any CPU.Build.0 = Debug|Any CPU
		{A39F2106-EE55-4421-B156-5552CBED611C}.Release|Any CPU.ActiveCfg = Release|Any CPU
		{A39F2106-EE55-4421-B156-5552CBED611C}.Release|Any CPU.Build.0 = Release|Any CPU
	EndGlobalSection
	GlobalSection(SolutionProperties) = preSolution
		HideSolutionNode = FALSE
	EndGlobalSection
	GlobalSection(ExtensibilityGlobals) = postSolution
		SolutionGuid = {01CE4219-4CFE-474F-AF8E-62967C91E0F8}
	EndGlobalSection
EndGlobal
