
Microsoft Visual Studio Solution File, Format Version 12.00
# Visual Studio 15
VisualStudioVersion = 15.0.27130.2036
MinimumVisualStudioVersion = 10.0.40219.1
Project("{FAE04EC0-301F-11D3-BF4B-00C04F79EFBC}") = "MVC_WebAPI_API", "..\MVC_WebAPI_API\MVC_WebAPI_API.csproj", "{C13614EF-784B-4C41-8077-785881B10921}"
EndProject
Global
	GlobalSection(SolutionConfigurationPlatforms) = preSolution
		Debug|Any CPU = Debug|Any CPU
		Release|Any CPU = Release|Any CPU
	EndGlobalSection
	GlobalSection(ProjectConfigurationPlatforms) = postSolution
		{C13614EF-784B-4C41-8077-785881B10921}.Debug|Any CPU.ActiveCfg = Debug|Any CPU
		{C13614EF-784B-4C41-8077-785881B10921}.Debug|Any CPU.Build.0 = Debug|Any CPU
		{C13614EF-784B-4C41-8077-785881B10921}.Release|Any CPU.ActiveCfg = Release|Any CPU
		{C13614EF-784B-4C41-8077-785881B10921}.Release|Any CPU.Build.0 = Release|Any CPU
	EndGlobalSection
	GlobalSection(SolutionProperties) = preSolution
		HideSolutionNode = FALSE
	EndGlobalSection
	GlobalSection(ExtensibilityGlobals) = postSolution
		SolutionGuid = {4871A840-8925-4D4E-81FF-9429944F4319}
	EndGlobalSection
EndGlobal
